// !$*UTF8*$!
{
	archiveVersion = 1;
	classes = {
	};
	objectVersion = 46;
	objects = {

/* Begin PBXBuildFile section */
		CF0756771976E22C007C420C /* ZDCoreCollectionVC.m in Sources */ = {isa = PBXBuildFile; fileRef = CF0756761976E22C007C420C /* ZDCoreCollectionVC.m */; };
		CF119D231970294D00E512F8 /* ZDCoreDataStack.m in Sources */ = {isa = PBXBuildFile; fileRef = CF119D221970294D00E512F8 /* ZDCoreDataStack.m */; };
		CF119D2A19704F9D00E512F8 /* NSManagedObjectID+ZDString.m in Sources */ = {isa = PBXBuildFile; fileRef = CF119D2919704F9D00E512F8 /* NSManagedObjectID+ZDString.m */; };
		CF119D2D19704FCF00E512F8 /* NSManagedObjectContext+ZDAdditions.m in Sources */ = {isa = PBXBuildFile; fileRef = CF119D2C19704FCF00E512F8 /* NSManagedObjectContext+ZDAdditions.m */; };
		CF18307E19CC89C40008A777 /* ZDEditBarController.m in Sources */ = {isa = PBXBuildFile; fileRef = CF18307D19CC89C40008A777 /* ZDEditBarController.m */; };
		CF20EF2F194DEA02008E47A4 /* Foundation.framework in Frameworks */ = {isa = PBXBuildFile; fileRef = CF20EF2E194DEA02008E47A4 /* Foundation.framework */; };
		CF20EF31194DEA02008E47A4 /* CoreGraphics.framework in Frameworks */ = {isa = PBXBuildFile; fileRef = CF20EF30194DEA02008E47A4 /* CoreGraphics.framework */; };
		CF20EF33194DEA02008E47A4 /* UIKit.framework in Frameworks */ = {isa = PBXBuildFile; fileRef = CF20EF32194DEA02008E47A4 /* UIKit.framework */; };
		CF20EF35194DEA02008E47A4 /* CoreData.framework in Frameworks */ = {isa = PBXBuildFile; fileRef = CF20EF34194DEA02008E47A4 /* CoreData.framework */; };
		CF20EF3B194DEA02008E47A4 /* InfoPlist.strings in Resources */ = {isa = PBXBuildFile; fileRef = CF20EF39194DEA02008E47A4 /* InfoPlist.strings */; };
		CF20EF3D194DEA02008E47A4 /* main.m in Sources */ = {isa = PBXBuildFile; fileRef = CF20EF3C194DEA02008E47A4 /* main.m */; };
		CF20EF41194DEA02008E47A4 /* ZDAppDelegate.m in Sources */ = {isa = PBXBuildFile; fileRef = CF20EF40194DEA02008E47A4 /* ZDAppDelegate.m */; };
		CF20EF44194DEA02008E47A4 /* songs.xcdatamodeld in Sources */ = {isa = PBXBuildFile; fileRef = CF20EF42194DEA02008E47A4 /* songs.xcdatamodeld */; };
		CF20EF46194DEA02008E47A4 /* Images.xcassets in Resources */ = {isa = PBXBuildFile; fileRef = CF20EF45194DEA02008E47A4 /* Images.xcassets */; };
		CF20EF4D194DEA02008E47A4 /* XCTest.framework in Frameworks */ = {isa = PBXBuildFile; fileRef = CF20EF4C194DEA02008E47A4 /* XCTest.framework */; };
		CF20EF4E194DEA02008E47A4 /* Foundation.framework in Frameworks */ = {isa = PBXBuildFile; fileRef = CF20EF2E194DEA02008E47A4 /* Foundation.framework */; };
		CF20EF4F194DEA02008E47A4 /* UIKit.framework in Frameworks */ = {isa = PBXBuildFile; fileRef = CF20EF32194DEA02008E47A4 /* UIKit.framework */; };
		CF20EF50194DEA02008E47A4 /* CoreData.framework in Frameworks */ = {isa = PBXBuildFile; fileRef = CF20EF34194DEA02008E47A4 /* CoreData.framework */; };
		CF20EF58194DEA02008E47A4 /* InfoPlist.strings in Resources */ = {isa = PBXBuildFile; fileRef = CF20EF56194DEA02008E47A4 /* InfoPlist.strings */; };
		CF20EF5A194DEA02008E47A4 /* songsTests.m in Sources */ = {isa = PBXBuildFile; fileRef = CF20EF59194DEA02008E47A4 /* songsTests.m */; };
		CF32060819E2F8B90088B9E9 /* ZDLoadTableViewCell.m in Sources */ = {isa = PBXBuildFile; fileRef = CF32060719E2F8B90088B9E9 /* ZDLoadTableViewCell.m */; };
		CF3398871980116E007A701C /* ZDPDFEngine.m in Sources */ = {isa = PBXBuildFile; fileRef = CF3398861980116E007A701C /* ZDPDFEngine.m */; };
		CF33988A198011B4007A701C /* ZDSongsPDFManager.m in Sources */ = {isa = PBXBuildFile; fileRef = CF339889198011B4007A701C /* ZDSongsPDFManager.m */; };
		CF341BC619D5748700BD9CFA /* ZDProjectDetailController.m in Sources */ = {isa = PBXBuildFile; fileRef = CF341BC519D5748700BD9CFA /* ZDProjectDetailController.m */; };
		CF341BC919D58A7900BD9CFA /* ZDProjectExportController.m in Sources */ = {isa = PBXBuildFile; fileRef = CF341BC819D58A7900BD9CFA /* ZDProjectExportController.m */; };
		CF3F7930194DEDFC00D9615A /* SWRevealViewController.m in Sources */ = {isa = PBXBuildFile; fileRef = CF3F792F194DEDFC00D9615A /* SWRevealViewController.m */; };
		CF3F7932194DF1AF00D9615A /* Storyboard_iphone.storyboard in Resources */ = {isa = PBXBuildFile; fileRef = CF3F7931194DF1AF00D9615A /* Storyboard_iphone.storyboard */; };
		CF3F7934194DF1DC00D9615A /* Storyboard_ipad.storyboard in Resources */ = {isa = PBXBuildFile; fileRef = CF3F7933194DF1DC00D9615A /* Storyboard_ipad.storyboard */; };
		CF4E7121197E785F00A23592 /* UINavigationItem+MultipleButtonsAddition.m in Sources */ = {isa = PBXBuildFile; fileRef = CF4E7120197E785F00A23592 /* UINavigationItem+MultipleButtonsAddition.m */; };
		CF66B75A19E43D80004C0BFB /* ZDMultipleSelectionController.m in Sources */ = {isa = PBXBuildFile; fileRef = CF66B75919E43D80004C0BFB /* ZDMultipleSelectionController.m */; };
		CF7F5D0019B4D37400070FDE /* ZDBar.m in Sources */ = {isa = PBXBuildFile; fileRef = CF7F5CFF19B4D37400070FDE /* ZDBar.m */; };
		CF7F5D0319B4D37500070FDE /* ZDProject.m in Sources */ = {isa = PBXBuildFile; fileRef = CF7F5D0219B4D37500070FDE /* ZDProject.m */; };
		CF7F5D0619B4D37500070FDE /* ZDSongBlock.m in Sources */ = {isa = PBXBuildFile; fileRef = CF7F5D0519B4D37500070FDE /* ZDSongBlock.m */; };
		CF7F5D0919B4D3BB00070FDE /* ZDNote.m in Sources */ = {isa = PBXBuildFile; fileRef = CF7F5D0819B4D3BB00070FDE /* ZDNote.m */; };
		CF7F5D0C19B4D8F000070FDE /* ZDChordType.m in Sources */ = {isa = PBXBuildFile; fileRef = CF7F5D0B19B4D8F000070FDE /* ZDChordType.m */; };
		CF8D099F1981169F002C73D3 /* ZDDetailsBarController.m in Sources */ = {isa = PBXBuildFile; fileRef = CF8D099E1981169F002C73D3 /* ZDDetailsBarController.m */; };
		CFB4438E196DD8C600EDB6E2 /* ZDProject+Factory.m in Sources */ = {isa = PBXBuildFile; fileRef = CFB4438D196DD8C600EDB6E2 /* ZDProject+Factory.m */; };
		CFB44391196DD8EC00EDB6E2 /* ZDSongBlock+Factory.m in Sources */ = {isa = PBXBuildFile; fileRef = CFB44390196DD8EC00EDB6E2 /* ZDSongBlock+Factory.m */; };
		CFB44394196DD8FB00EDB6E2 /* ZDBar+Factory.m in Sources */ = {isa = PBXBuildFile; fileRef = CFB44393196DD8FB00EDB6E2 /* ZDBar+Factory.m */; };
		CFB4B9B4199565BF0028962F /* ZDAddInsertBarsController.m in Sources */ = {isa = PBXBuildFile; fileRef = CFB4B9B3199565BF0028962F /* ZDAddInsertBarsController.m */; };
		CFD6A0F1197D20360006A0AC /* UIColor+HexString.m in Sources */ = {isa = PBXBuildFile; fileRef = CFD6A0F0197D20360006A0AC /* UIColor+HexString.m */; };
		CFD88A11196C0A7100FC1F1B /* Settings.bundle in Resources */ = {isa = PBXBuildFile; fileRef = CFD88A10196C0A7100FC1F1B /* Settings.bundle */; };
		CFF01A45196965BA00A6E2F6 /* ZDMainController.m in Sources */ = {isa = PBXBuildFile; fileRef = CFF01A44196965BA00A6E2F6 /* ZDMainController.m */; };
		CFF01A48196965C800A6E2F6 /* ZDMenuController.m in Sources */ = {isa = PBXBuildFile; fileRef = CFF01A47196965C800A6E2F6 /* ZDMenuController.m */; };
		CFF01A4B196965E900A6E2F6 /* ZDAuxViewController.m in Sources */ = {isa = PBXBuildFile; fileRef = CFF01A4A196965E900A6E2F6 /* ZDAuxViewController.m */; };
		CFF01A4E196965F900A6E2F6 /* ZDSettingsController.m in Sources */ = {isa = PBXBuildFile; fileRef = CFF01A4D196965F900A6E2F6 /* ZDSettingsController.m */; };
		CFF01A511969660E00A6E2F6 /* ZDNewProjectController.m in Sources */ = {isa = PBXBuildFile; fileRef = CFF01A501969660E00A6E2F6 /* ZDNewProjectController.m */; };
		CFF01A541969661B00A6E2F6 /* ZDLoadProjectController.m in Sources */ = {isa = PBXBuildFile; fileRef = CFF01A531969661B00A6E2F6 /* ZDLoadProjectController.m */; };
		CFF01A5A1969669500A6E2F6 /* ZDSongCollectionViewCell.m in Sources */ = {isa = PBXBuildFile; fileRef = CFF01A591969669500A6E2F6 /* ZDSongCollectionViewCell.m */; };
		CFF4B546196AFB8000FF78F4 /* ZDCoreDataTableVC.m in Sources */ = {isa = PBXBuildFile; fileRef = CFF4B545196AFB8000FF78F4 /* ZDCoreDataTableVC.m */; };
		CFF6DBD419DB6DB5003EA04F /* NSMutableArray+SWUtilityButtons.m in Sources */ = {isa = PBXBuildFile; fileRef = CFF6DBC919DB6DB5003EA04F /* NSMutableArray+SWUtilityButtons.m */; };
		CFF6DBD519DB6DB5003EA04F /* SWCellScrollView.m in Sources */ = {isa = PBXBuildFile; fileRef = CFF6DBCB19DB6DB5003EA04F /* SWCellScrollView.m */; };
		CFF6DBD619DB6DB5003EA04F /* SWLongPressGestureRecognizer.m in Sources */ = {isa = PBXBuildFile; fileRef = CFF6DBCD19DB6DB5003EA04F /* SWLongPressGestureRecognizer.m */; };
		CFF6DBD719DB6DB5003EA04F /* SWTableViewCell.m in Sources */ = {isa = PBXBuildFile; fileRef = CFF6DBCF19DB6DB5003EA04F /* SWTableViewCell.m */; };
		CFF6DBD819DB6DB5003EA04F /* SWUtilityButtonTapGestureRecognizer.m in Sources */ = {isa = PBXBuildFile; fileRef = CFF6DBD119DB6DB5003EA04F /* SWUtilityButtonTapGestureRecognizer.m */; };
		CFF6DBD919DB6DB5003EA04F /* SWUtilityButtonView.m in Sources */ = {isa = PBXBuildFile; fileRef = CFF6DBD319DB6DB5003EA04F /* SWUtilityButtonView.m */; };
/* End PBXBuildFile section */

/* Begin PBXContainerItemProxy section */
		CF20EF51194DEA02008E47A4 /* PBXContainerItemProxy */ = {
			isa = PBXContainerItemProxy;
			containerPortal = CF20EF23194DEA02008E47A4 /* Project object */;
			proxyType = 1;
			remoteGlobalIDString = CF20EF2A194DEA02008E47A4;
			remoteInfo = songs;
		};
/* End PBXContainerItemProxy section */

/* Begin PBXFileReference section */
		CF0756751976E22C007C420C /* ZDCoreCollectionVC.h */ = {isa = PBXFileReference; fileEncoding = 4; lastKnownFileType = sourcecode.c.h; path = ZDCoreCollectionVC.h; sourceTree = "<group>"; };
		CF0756761976E22C007C420C /* ZDCoreCollectionVC.m */ = {isa = PBXFileReference; fileEncoding = 4; lastKnownFileType = sourcecode.c.objc; path = ZDCoreCollectionVC.m; sourceTree = "<group>"; };
		CF119D211970294D00E512F8 /* ZDCoreDataStack.h */ = {isa = PBXFileReference; fileEncoding = 4; lastKnownFileType = sourcecode.c.h; path = ZDCoreDataStack.h; sourceTree = "<group>"; };
		CF119D221970294D00E512F8 /* ZDCoreDataStack.m */ = {isa = PBXFileReference; fileEncoding = 4; lastKnownFileType = sourcecode.c.objc; path = ZDCoreDataStack.m; sourceTree = "<group>"; };
		CF119D2819704F9D00E512F8 /* NSManagedObjectID+ZDString.h */ = {isa = PBXFileReference; fileEncoding = 4; lastKnownFileType = sourcecode.c.h; path = "NSManagedObjectID+ZDString.h"; sourceTree = "<group>"; };
		CF119D2919704F9D00E512F8 /* NSManagedObjectID+ZDString.m */ = {isa = PBXFileReference; fileEncoding = 4; lastKnownFileType = sourcecode.c.objc; path = "NSManagedObjectID+ZDString.m"; sourceTree = "<group>"; };
		CF119D2B19704FCF00E512F8 /* NSManagedObjectContext+ZDAdditions.h */ = {isa = PBXFileReference; fileEncoding = 4; lastKnownFileType = sourcecode.c.h; path = "NSManagedObjectContext+ZDAdditions.h"; sourceTree = "<group>"; };
		CF119D2C19704FCF00E512F8 /* NSManagedObjectContext+ZDAdditions.m */ = {isa = PBXFileReference; fileEncoding = 4; lastKnownFileType = sourcecode.c.objc; path = "NSManagedObjectContext+ZDAdditions.m"; sourceTree = "<group>"; };
		CF18307C19CC89C40008A777 /* ZDEditBarController.h */ = {isa = PBXFileReference; fileEncoding = 4; lastKnownFileType = sourcecode.c.h; path = ZDEditBarController.h; sourceTree = "<group>"; };
		CF18307D19CC89C40008A777 /* ZDEditBarController.m */ = {isa = PBXFileReference; fileEncoding = 4; lastKnownFileType = sourcecode.c.objc; path = ZDEditBarController.m; sourceTree = "<group>"; };
		CF1DFB0919D734F5006EB91D /* ZDDefinitions.h */ = {isa = PBXFileReference; fileEncoding = 4; lastKnownFileType = sourcecode.c.h; path = ZDDefinitions.h; sourceTree = "<group>"; };
		CF20EF2B194DEA02008E47A4 /* songs.app */ = {isa = PBXFileReference; explicitFileType = wrapper.application; includeInIndex = 0; path = songs.app; sourceTree = BUILT_PRODUCTS_DIR; };
		CF20EF2E194DEA02008E47A4 /* Foundation.framework */ = {isa = PBXFileReference; lastKnownFileType = wrapper.framework; name = Foundation.framework; path = System/Library/Frameworks/Foundation.framework; sourceTree = SDKROOT; };
		CF20EF30194DEA02008E47A4 /* CoreGraphics.framework */ = {isa = PBXFileReference; lastKnownFileType = wrapper.framework; name = CoreGraphics.framework; path = System/Library/Frameworks/CoreGraphics.framework; sourceTree = SDKROOT; };
		CF20EF32194DEA02008E47A4 /* UIKit.framework */ = {isa = PBXFileReference; lastKnownFileType = wrapper.framework; name = UIKit.framework; path = System/Library/Frameworks/UIKit.framework; sourceTree = SDKROOT; };
		CF20EF34194DEA02008E47A4 /* CoreData.framework */ = {isa = PBXFileReference; lastKnownFileType = wrapper.framework; name = CoreData.framework; path = System/Library/Frameworks/CoreData.framework; sourceTree = SDKROOT; };
		CF20EF38194DEA02008E47A4 /* songs-Info.plist */ = {isa = PBXFileReference; lastKnownFileType = text.plist.xml; path = "songs-Info.plist"; sourceTree = "<group>"; };
		CF20EF3A194DEA02008E47A4 /* en */ = {isa = PBXFileReference; lastKnownFileType = text.plist.strings; name = en; path = en.lproj/InfoPlist.strings; sourceTree = "<group>"; };
		CF20EF3C194DEA02008E47A4 /* main.m */ = {isa = PBXFileReference; lastKnownFileType = sourcecode.c.objc; path = main.m; sourceTree = "<group>"; };
		CF20EF3E194DEA02008E47A4 /* songs-Prefix.pch */ = {isa = PBXFileReference; lastKnownFileType = sourcecode.c.h; path = "songs-Prefix.pch"; sourceTree = "<group>"; };
		CF20EF3F194DEA02008E47A4 /* ZDAppDelegate.h */ = {isa = PBXFileReference; lastKnownFileType = sourcecode.c.h; path = ZDAppDelegate.h; sourceTree = "<group>"; };
		CF20EF40194DEA02008E47A4 /* ZDAppDelegate.m */ = {isa = PBXFileReference; lastKnownFileType = sourcecode.c.objc; path = ZDAppDelegate.m; sourceTree = "<group>"; };
		CF20EF43194DEA02008E47A4 /* songs.xcdatamodel */ = {isa = PBXFileReference; lastKnownFileType = wrapper.xcdatamodel; path = songs.xcdatamodel; sourceTree = "<group>"; };
		CF20EF45194DEA02008E47A4 /* Images.xcassets */ = {isa = PBXFileReference; lastKnownFileType = folder.assetcatalog; path = Images.xcassets; sourceTree = "<group>"; };
		CF20EF4B194DEA02008E47A4 /* songsTests.xctest */ = {isa = PBXFileReference; explicitFileType = wrapper.cfbundle; includeInIndex = 0; path = songsTests.xctest; sourceTree = BUILT_PRODUCTS_DIR; };
		CF20EF4C194DEA02008E47A4 /* XCTest.framework */ = {isa = PBXFileReference; lastKnownFileType = wrapper.framework; name = XCTest.framework; path = Library/Frameworks/XCTest.framework; sourceTree = DEVELOPER_DIR; };
		CF20EF55194DEA02008E47A4 /* songsTests-Info.plist */ = {isa = PBXFileReference; lastKnownFileType = text.plist.xml; path = "songsTests-Info.plist"; sourceTree = "<group>"; };
		CF20EF57194DEA02008E47A4 /* en */ = {isa = PBXFileReference; lastKnownFileType = text.plist.strings; name = en; path = en.lproj/InfoPlist.strings; sourceTree = "<group>"; };
		CF20EF59194DEA02008E47A4 /* songsTests.m */ = {isa = PBXFileReference; lastKnownFileType = sourcecode.c.objc; path = songsTests.m; sourceTree = "<group>"; };
		CF32060619E2F8B90088B9E9 /* ZDLoadTableViewCell.h */ = {isa = PBXFileReference; fileEncoding = 4; lastKnownFileType = sourcecode.c.h; path = ZDLoadTableViewCell.h; sourceTree = "<group>"; };
		CF32060719E2F8B90088B9E9 /* ZDLoadTableViewCell.m */ = {isa = PBXFileReference; fileEncoding = 4; lastKnownFileType = sourcecode.c.objc; path = ZDLoadTableViewCell.m; sourceTree = "<group>"; };
		CF3398851980116E007A701C /* ZDPDFEngine.h */ = {isa = PBXFileReference; fileEncoding = 4; lastKnownFileType = sourcecode.c.h; path = ZDPDFEngine.h; sourceTree = "<group>"; };
		CF3398861980116E007A701C /* ZDPDFEngine.m */ = {isa = PBXFileReference; fileEncoding = 4; lastKnownFileType = sourcecode.c.objc; path = ZDPDFEngine.m; sourceTree = "<group>"; };
		CF339888198011B4007A701C /* ZDSongsPDFManager.h */ = {isa = PBXFileReference; fileEncoding = 4; lastKnownFileType = sourcecode.c.h; path = ZDSongsPDFManager.h; sourceTree = "<group>"; };
		CF339889198011B4007A701C /* ZDSongsPDFManager.m */ = {isa = PBXFileReference; fileEncoding = 4; lastKnownFileType = sourcecode.c.objc; path = ZDSongsPDFManager.m; sourceTree = "<group>"; };
		CF341BC419D5748700BD9CFA /* ZDProjectDetailController.h */ = {isa = PBXFileReference; fileEncoding = 4; lastKnownFileType = sourcecode.c.h; path = ZDProjectDetailController.h; sourceTree = "<group>"; };
		CF341BC519D5748700BD9CFA /* ZDProjectDetailController.m */ = {isa = PBXFileReference; fileEncoding = 4; lastKnownFileType = sourcecode.c.objc; path = ZDProjectDetailController.m; sourceTree = "<group>"; };
		CF341BC719D58A7900BD9CFA /* ZDProjectExportController.h */ = {isa = PBXFileReference; fileEncoding = 4; lastKnownFileType = sourcecode.c.h; path = ZDProjectExportController.h; sourceTree = "<group>"; };
		CF341BC819D58A7900BD9CFA /* ZDProjectExportController.m */ = {isa = PBXFileReference; fileEncoding = 4; lastKnownFileType = sourcecode.c.objc; path = ZDProjectExportController.m; sourceTree = "<group>"; };
		CF3F792E194DEDFC00D9615A /* SWRevealViewController.h */ = {isa = PBXFileReference; fileEncoding = 4; lastKnownFileType = sourcecode.c.h; path = SWRevealViewController.h; sourceTree = "<group>"; };
		CF3F792F194DEDFC00D9615A /* SWRevealViewController.m */ = {isa = PBXFileReference; fileEncoding = 4; lastKnownFileType = sourcecode.c.objc; path = SWRevealViewController.m; sourceTree = "<group>"; };
		CF3F7931194DF1AF00D9615A /* Storyboard_iphone.storyboard */ = {isa = PBXFileReference; fileEncoding = 4; lastKnownFileType = file.storyboard; path = Storyboard_iphone.storyboard; sourceTree = "<group>"; };
		CF3F7933194DF1DC00D9615A /* Storyboard_ipad.storyboard */ = {isa = PBXFileReference; fileEncoding = 4; lastKnownFileType = file.storyboard; path = Storyboard_ipad.storyboard; sourceTree = "<group>"; };
		CF4E711F197E785F00A23592 /* UINavigationItem+MultipleButtonsAddition.h */ = {isa = PBXFileReference; fileEncoding = 4; lastKnownFileType = sourcecode.c.h; path = "UINavigationItem+MultipleButtonsAddition.h"; sourceTree = "<group>"; };
		CF4E7120197E785F00A23592 /* UINavigationItem+MultipleButtonsAddition.m */ = {isa = PBXFileReference; fileEncoding = 4; lastKnownFileType = sourcecode.c.objc; path = "UINavigationItem+MultipleButtonsAddition.m"; sourceTree = "<group>"; };
		CF66B75819E43D80004C0BFB /* ZDMultipleSelectionController.h */ = {isa = PBXFileReference; fileEncoding = 4; lastKnownFileType = sourcecode.c.h; path = ZDMultipleSelectionController.h; sourceTree = "<group>"; };
		CF66B75919E43D80004C0BFB /* ZDMultipleSelectionController.m */ = {isa = PBXFileReference; fileEncoding = 4; lastKnownFileType = sourcecode.c.objc; path = ZDMultipleSelectionController.m; sourceTree = "<group>"; };
		CF7F5CFE19B4D37400070FDE /* ZDBar.h */ = {isa = PBXFileReference; fileEncoding = 4; lastKnownFileType = sourcecode.c.h; path = ZDBar.h; sourceTree = "<group>"; };
		CF7F5CFF19B4D37400070FDE /* ZDBar.m */ = {isa = PBXFileReference; fileEncoding = 4; lastKnownFileType = sourcecode.c.objc; path = ZDBar.m; sourceTree = "<group>"; };
		CF7F5D0119B4D37500070FDE /* ZDProject.h */ = {isa = PBXFileReference; fileEncoding = 4; lastKnownFileType = sourcecode.c.h; path = ZDProject.h; sourceTree = "<group>"; };
		CF7F5D0219B4D37500070FDE /* ZDProject.m */ = {isa = PBXFileReference; fileEncoding = 4; lastKnownFileType = sourcecode.c.objc; path = ZDProject.m; sourceTree = "<group>"; };
		CF7F5D0419B4D37500070FDE /* ZDSongBlock.h */ = {isa = PBXFileReference; fileEncoding = 4; lastKnownFileType = sourcecode.c.h; path = ZDSongBlock.h; sourceTree = "<group>"; };
		CF7F5D0519B4D37500070FDE /* ZDSongBlock.m */ = {isa = PBXFileReference; fileEncoding = 4; lastKnownFileType = sourcecode.c.objc; path = ZDSongBlock.m; sourceTree = "<group>"; };
		CF7F5D0719B4D3BB00070FDE /* ZDNote.h */ = {isa = PBXFileReference; fileEncoding = 4; lastKnownFileType = sourcecode.c.h; path = ZDNote.h; sourceTree = "<group>"; };
		CF7F5D0819B4D3BB00070FDE /* ZDNote.m */ = {isa = PBXFileReference; fileEncoding = 4; lastKnownFileType = sourcecode.c.objc; path = ZDNote.m; sourceTree = "<group>"; };
		CF7F5D0A19B4D8F000070FDE /* ZDChordType.h */ = {isa = PBXFileReference; fileEncoding = 4; lastKnownFileType = sourcecode.c.h; path = ZDChordType.h; sourceTree = "<group>"; };
		CF7F5D0B19B4D8F000070FDE /* ZDChordType.m */ = {isa = PBXFileReference; fileEncoding = 4; lastKnownFileType = sourcecode.c.objc; path = ZDChordType.m; sourceTree = "<group>"; };
		CF8D099D1981169F002C73D3 /* ZDDetailsBarController.h */ = {isa = PBXFileReference; fileEncoding = 4; lastKnownFileType = sourcecode.c.h; path = ZDDetailsBarController.h; sourceTree = "<group>"; };
		CF8D099E1981169F002C73D3 /* ZDDetailsBarController.m */ = {isa = PBXFileReference; fileEncoding = 4; lastKnownFileType = sourcecode.c.objc; path = ZDDetailsBarController.m; sourceTree = "<group>"; };
		CFB4438C196DD8C600EDB6E2 /* ZDProject+Factory.h */ = {isa = PBXFileReference; fileEncoding = 4; lastKnownFileType = sourcecode.c.h; path = "ZDProject+Factory.h"; sourceTree = "<group>"; };
		CFB4438D196DD8C600EDB6E2 /* ZDProject+Factory.m */ = {isa = PBXFileReference; fileEncoding = 4; lastKnownFileType = sourcecode.c.objc; path = "ZDProject+Factory.m"; sourceTree = "<group>"; };
		CFB4438F196DD8EC00EDB6E2 /* ZDSongBlock+Factory.h */ = {isa = PBXFileReference; fileEncoding = 4; lastKnownFileType = sourcecode.c.h; path = "ZDSongBlock+Factory.h"; sourceTree = "<group>"; };
		CFB44390196DD8EC00EDB6E2 /* ZDSongBlock+Factory.m */ = {isa = PBXFileReference; fileEncoding = 4; lastKnownFileType = sourcecode.c.objc; path = "ZDSongBlock+Factory.m"; sourceTree = "<group>"; };
		CFB44392196DD8FB00EDB6E2 /* ZDBar+Factory.h */ = {isa = PBXFileReference; fileEncoding = 4; lastKnownFileType = sourcecode.c.h; path = "ZDBar+Factory.h"; sourceTree = "<group>"; };
		CFB44393196DD8FB00EDB6E2 /* ZDBar+Factory.m */ = {isa = PBXFileReference; fileEncoding = 4; lastKnownFileType = sourcecode.c.objc; path = "ZDBar+Factory.m"; sourceTree = "<group>"; };
		CFB4B9B2199565BF0028962F /* ZDAddInsertBarsController.h */ = {isa = PBXFileReference; fileEncoding = 4; lastKnownFileType = sourcecode.c.h; path = ZDAddInsertBarsController.h; sourceTree = "<group>"; };
		CFB4B9B3199565BF0028962F /* ZDAddInsertBarsController.m */ = {isa = PBXFileReference; fileEncoding = 4; lastKnownFileType = sourcecode.c.objc; path = ZDAddInsertBarsController.m; sourceTree = "<group>"; };
		CFD6A0EF197D20360006A0AC /* UIColor+HexString.h */ = {isa = PBXFileReference; fileEncoding = 4; lastKnownFileType = sourcecode.c.h; path = "UIColor+HexString.h"; sourceTree = "<group>"; };
		CFD6A0F0197D20360006A0AC /* UIColor+HexString.m */ = {isa = PBXFileReference; fileEncoding = 4; lastKnownFileType = sourcecode.c.objc; path = "UIColor+HexString.m"; sourceTree = "<group>"; };
		CFD88A10196C0A7100FC1F1B /* Settings.bundle */ = {isa = PBXFileReference; lastKnownFileType = "wrapper.plug-in"; path = Settings.bundle; sourceTree = "<group>"; };
		CFF01A43196965BA00A6E2F6 /* ZDMainController.h */ = {isa = PBXFileReference; fileEncoding = 4; lastKnownFileType = sourcecode.c.h; path = ZDMainController.h; sourceTree = "<group>"; };
		CFF01A44196965BA00A6E2F6 /* ZDMainController.m */ = {isa = PBXFileReference; fileEncoding = 4; lastKnownFileType = sourcecode.c.objc; path = ZDMainController.m; sourceTree = "<group>"; };
		CFF01A46196965C800A6E2F6 /* ZDMenuController.h */ = {isa = PBXFileReference; fileEncoding = 4; lastKnownFileType = sourcecode.c.h; path = ZDMenuController.h; sourceTree = "<group>"; };
		CFF01A47196965C800A6E2F6 /* ZDMenuController.m */ = {isa = PBXFileReference; fileEncoding = 4; lastKnownFileType = sourcecode.c.objc; path = ZDMenuController.m; sourceTree = "<group>"; };
		CFF01A49196965E900A6E2F6 /* ZDAuxViewController.h */ = {isa = PBXFileReference; fileEncoding = 4; lastKnownFileType = sourcecode.c.h; path = ZDAuxViewController.h; sourceTree = "<group>"; };
		CFF01A4A196965E900A6E2F6 /* ZDAuxViewController.m */ = {isa = PBXFileReference; fileEncoding = 4; lastKnownFileType = sourcecode.c.objc; path = ZDAuxViewController.m; sourceTree = "<group>"; };
		CFF01A4C196965F900A6E2F6 /* ZDSettingsController.h */ = {isa = PBXFileReference; fileEncoding = 4; lastKnownFileType = sourcecode.c.h; path = ZDSettingsController.h; sourceTree = "<group>"; };
		CFF01A4D196965F900A6E2F6 /* ZDSettingsController.m */ = {isa = PBXFileReference; fileEncoding = 4; lastKnownFileType = sourcecode.c.objc; path = ZDSettingsController.m; sourceTree = "<group>"; };
		CFF01A4F1969660E00A6E2F6 /* ZDNewProjectController.h */ = {isa = PBXFileReference; fileEncoding = 4; lastKnownFileType = sourcecode.c.h; path = ZDNewProjectController.h; sourceTree = "<group>"; };
		CFF01A501969660E00A6E2F6 /* ZDNewProjectController.m */ = {isa = PBXFileReference; fileEncoding = 4; lastKnownFileType = sourcecode.c.objc; path = ZDNewProjectController.m; sourceTree = "<group>"; };
		CFF01A521969661B00A6E2F6 /* ZDLoadProjectController.h */ = {isa = PBXFileReference; fileEncoding = 4; lastKnownFileType = sourcecode.c.h; path = ZDLoadProjectController.h; sourceTree = "<group>"; };
		CFF01A531969661B00A6E2F6 /* ZDLoadProjectController.m */ = {isa = PBXFileReference; fileEncoding = 4; lastKnownFileType = sourcecode.c.objc; path = ZDLoadProjectController.m; sourceTree = "<group>"; };
		CFF01A581969669500A6E2F6 /* ZDSongCollectionViewCell.h */ = {isa = PBXFileReference; fileEncoding = 4; lastKnownFileType = sourcecode.c.h; path = ZDSongCollectionViewCell.h; sourceTree = "<group>"; };
		CFF01A591969669500A6E2F6 /* ZDSongCollectionViewCell.m */ = {isa = PBXFileReference; fileEncoding = 4; lastKnownFileType = sourcecode.c.objc; path = ZDSongCollectionViewCell.m; sourceTree = "<group>"; };
		CFF4B544196AFB8000FF78F4 /* ZDCoreDataTableVC.h */ = {isa = PBXFileReference; fileEncoding = 4; lastKnownFileType = sourcecode.c.h; path = ZDCoreDataTableVC.h; sourceTree = "<group>"; };
		CFF4B545196AFB8000FF78F4 /* ZDCoreDataTableVC.m */ = {isa = PBXFileReference; fileEncoding = 4; lastKnownFileType = sourcecode.c.objc; path = ZDCoreDataTableVC.m; sourceTree = "<group>"; };
		CFF6DBC819DB6DB5003EA04F /* NSMutableArray+SWUtilityButtons.h */ = {isa = PBXFileReference; fileEncoding = 4; lastKnownFileType = sourcecode.c.h; path = "NSMutableArray+SWUtilityButtons.h"; sourceTree = "<group>"; };
		CFF6DBC919DB6DB5003EA04F /* NSMutableArray+SWUtilityButtons.m */ = {isa = PBXFileReference; fileEncoding = 4; lastKnownFileType = sourcecode.c.objc; path = "NSMutableArray+SWUtilityButtons.m"; sourceTree = "<group>"; };
		CFF6DBCA19DB6DB5003EA04F /* SWCellScrollView.h */ = {isa = PBXFileReference; fileEncoding = 4; lastKnownFileType = sourcecode.c.h; path = SWCellScrollView.h; sourceTree = "<group>"; };
		CFF6DBCB19DB6DB5003EA04F /* SWCellScrollView.m */ = {isa = PBXFileReference; fileEncoding = 4; lastKnownFileType = sourcecode.c.objc; path = SWCellScrollView.m; sourceTree = "<group>"; };
		CFF6DBCC19DB6DB5003EA04F /* SWLongPressGestureRecognizer.h */ = {isa = PBXFileReference; fileEncoding = 4; lastKnownFileType = sourcecode.c.h; path = SWLongPressGestureRecognizer.h; sourceTree = "<group>"; };
		CFF6DBCD19DB6DB5003EA04F /* SWLongPressGestureRecognizer.m */ = {isa = PBXFileReference; fileEncoding = 4; lastKnownFileType = sourcecode.c.objc; path = SWLongPressGestureRecognizer.m; sourceTree = "<group>"; };
		CFF6DBCE19DB6DB5003EA04F /* SWTableViewCell.h */ = {isa = PBXFileReference; fileEncoding = 4; lastKnownFileType = sourcecode.c.h; path = SWTableViewCell.h; sourceTree = "<group>"; };
		CFF6DBCF19DB6DB5003EA04F /* SWTableViewCell.m */ = {isa = PBXFileReference; fileEncoding = 4; lastKnownFileType = sourcecode.c.objc; path = SWTableViewCell.m; sourceTree = "<group>"; };
		CFF6DBD019DB6DB5003EA04F /* SWUtilityButtonTapGestureRecognizer.h */ = {isa = PBXFileReference; fileEncoding = 4; lastKnownFileType = sourcecode.c.h; path = SWUtilityButtonTapGestureRecognizer.h; sourceTree = "<group>"; };
		CFF6DBD119DB6DB5003EA04F /* SWUtilityButtonTapGestureRecognizer.m */ = {isa = PBXFileReference; fileEncoding = 4; lastKnownFileType = sourcecode.c.objc; path = SWUtilityButtonTapGestureRecognizer.m; sourceTree = "<group>"; };
		CFF6DBD219DB6DB5003EA04F /* SWUtilityButtonView.h */ = {isa = PBXFileReference; fileEncoding = 4; lastKnownFileType = sourcecode.c.h; path = SWUtilityButtonView.h; sourceTree = "<group>"; };
		CFF6DBD319DB6DB5003EA04F /* SWUtilityButtonView.m */ = {isa = PBXFileReference; fileEncoding = 4; lastKnownFileType = sourcecode.c.objc; path = SWUtilityButtonView.m; sourceTree = "<group>"; };
/* End PBXFileReference section */

/* Begin PBXFrameworksBuildPhase section */
		CF20EF28194DEA02008E47A4 /* Frameworks */ = {
			isa = PBXFrameworksBuildPhase;
			buildActionMask = 2147483647;
			files = (
				CF20EF31194DEA02008E47A4 /* CoreGraphics.framework in Frameworks */,
				CF20EF35194DEA02008E47A4 /* CoreData.framework in Frameworks */,
				CF20EF33194DEA02008E47A4 /* UIKit.framework in Frameworks */,
				CF20EF2F194DEA02008E47A4 /* Foundation.framework in Frameworks */,
			);
			runOnlyForDeploymentPostprocessing = 0;
		};
		CF20EF48194DEA02008E47A4 /* Frameworks */ = {
			isa = PBXFrameworksBuildPhase;
			buildActionMask = 2147483647;
			files = (
				CF20EF4D194DEA02008E47A4 /* XCTest.framework in Frameworks */,
				CF20EF50194DEA02008E47A4 /* CoreData.framework in Frameworks */,
				CF20EF4F194DEA02008E47A4 /* UIKit.framework in Frameworks */,
				CF20EF4E194DEA02008E47A4 /* Foundation.framework in Frameworks */,
			);
			runOnlyForDeploymentPostprocessing = 0;
		};
/* End PBXFrameworksBuildPhase section */

/* Begin PBXGroup section */
		CF119D2419704F3000E512F8 /* categories */ = {
			isa = PBXGroup;
			children = (
				CFD6A0EF197D20360006A0AC /* UIColor+HexString.h */,
				CFD6A0F0197D20360006A0AC /* UIColor+HexString.m */,
				CF119D2819704F9D00E512F8 /* NSManagedObjectID+ZDString.h */,
				CF119D2919704F9D00E512F8 /* NSManagedObjectID+ZDString.m */,
				CF119D2B19704FCF00E512F8 /* NSManagedObjectContext+ZDAdditions.h */,
				CF119D2C19704FCF00E512F8 /* NSManagedObjectContext+ZDAdditions.m */,
				CF4E711F197E785F00A23592 /* UINavigationItem+MultipleButtonsAddition.h */,
				CF4E7120197E785F00A23592 /* UINavigationItem+MultipleButtonsAddition.m */,
			);
			path = categories;
			sourceTree = "<group>";
		};
		CF20EF22194DEA02008E47A4 = {
			isa = PBXGroup;
			children = (
				CF20EF36194DEA02008E47A4 /* songs */,
				CF20EF53194DEA02008E47A4 /* songsTests */,
				CF20EF2D194DEA02008E47A4 /* Frameworks */,
				CF20EF2C194DEA02008E47A4 /* Products */,
			);
			sourceTree = "<group>";
		};
		CF20EF2C194DEA02008E47A4 /* Products */ = {
			isa = PBXGroup;
			children = (
				CF20EF2B194DEA02008E47A4 /* songs.app */,
				CF20EF4B194DEA02008E47A4 /* songsTests.xctest */,
			);
			name = Products;
			sourceTree = "<group>";
		};
		CF20EF2D194DEA02008E47A4 /* Frameworks */ = {
			isa = PBXGroup;
			children = (
				CF20EF2E194DEA02008E47A4 /* Foundation.framework */,
				CF20EF30194DEA02008E47A4 /* CoreGraphics.framework */,
				CF20EF32194DEA02008E47A4 /* UIKit.framework */,
				CF20EF34194DEA02008E47A4 /* CoreData.framework */,
				CF20EF4C194DEA02008E47A4 /* XCTest.framework */,
			);
			name = Frameworks;
			sourceTree = "<group>";
		};
		CF20EF36194DEA02008E47A4 /* songs */ = {
			isa = PBXGroup;
			children = (
				CF3F7928194DED7300D9615A /* model */,
				CF3F792A194DED7E00D9615A /* controller */,
				CF3F7929194DED7900D9615A /* view */,
				CF3F792B194DED8500D9615A /* others */,
				CF20EF37194DEA02008E47A4 /* Supporting Files */,
			);
			path = songs;
			sourceTree = "<group>";
		};
		CF20EF37194DEA02008E47A4 /* Supporting Files */ = {
			isa = PBXGroup;
			children = (
				CF20EF3F194DEA02008E47A4 /* ZDAppDelegate.h */,
				CF20EF40194DEA02008E47A4 /* ZDAppDelegate.m */,
				CF20EF3C194DEA02008E47A4 /* main.m */,
				CF20EF3E194DEA02008E47A4 /* songs-Prefix.pch */,
				CF20EF45194DEA02008E47A4 /* Images.xcassets */,
				CF20EF42194DEA02008E47A4 /* songs.xcdatamodeld */,
				CF20EF38194DEA02008E47A4 /* songs-Info.plist */,
				CF20EF39194DEA02008E47A4 /* InfoPlist.strings */,
				CFD88A10196C0A7100FC1F1B /* Settings.bundle */,
			);
			name = "Supporting Files";
			sourceTree = "<group>";
		};
		CF20EF53194DEA02008E47A4 /* songsTests */ = {
			isa = PBXGroup;
			children = (
				CF20EF59194DEA02008E47A4 /* songsTests.m */,
				CF20EF54194DEA02008E47A4 /* Supporting Files */,
			);
			path = songsTests;
			sourceTree = "<group>";
		};
		CF20EF54194DEA02008E47A4 /* Supporting Files */ = {
			isa = PBXGroup;
			children = (
				CF20EF55194DEA02008E47A4 /* songsTests-Info.plist */,
				CF20EF56194DEA02008E47A4 /* InfoPlist.strings */,
			);
			name = "Supporting Files";
			sourceTree = "<group>";
		};
		CF3F7928194DED7300D9615A /* model */ = {
			isa = PBXGroup;
			children = (
				CF3F792C194DEDD600D9615A /* protocol */,
				CF7F5D0119B4D37500070FDE /* ZDProject.h */,
				CF7F5D0219B4D37500070FDE /* ZDProject.m */,
				CF7F5CFE19B4D37400070FDE /* ZDBar.h */,
				CF7F5CFF19B4D37400070FDE /* ZDBar.m */,
				CF7F5D0419B4D37500070FDE /* ZDSongBlock.h */,
				CF7F5D0519B4D37500070FDE /* ZDSongBlock.m */,
				CFB4438C196DD8C600EDB6E2 /* ZDProject+Factory.h */,
				CFB4438D196DD8C600EDB6E2 /* ZDProject+Factory.m */,
				CFB44392196DD8FB00EDB6E2 /* ZDBar+Factory.h */,
				CFB44393196DD8FB00EDB6E2 /* ZDBar+Factory.m */,
				CFB4438F196DD8EC00EDB6E2 /* ZDSongBlock+Factory.h */,
				CFB44390196DD8EC00EDB6E2 /* ZDSongBlock+Factory.m */,
				CF7F5D0719B4D3BB00070FDE /* ZDNote.h */,
				CF7F5D0819B4D3BB00070FDE /* ZDNote.m */,
				CF7F5D0A19B4D8F000070FDE /* ZDChordType.h */,
				CF7F5D0B19B4D8F000070FDE /* ZDChordType.m */,
			);
			path = model;
			sourceTree = "<group>";
		};
		CF3F7929194DED7900D9615A /* view */ = {
			isa = PBXGroup;
			children = (
				CF3F7931194DF1AF00D9615A /* Storyboard_iphone.storyboard */,
				CF3F7933194DF1DC00D9615A /* Storyboard_ipad.storyboard */,
				CFF01A581969669500A6E2F6 /* ZDSongCollectionViewCell.h */,
				CFF01A591969669500A6E2F6 /* ZDSongCollectionViewCell.m */,
				CF32060619E2F8B90088B9E9 /* ZDLoadTableViewCell.h */,
				CF32060719E2F8B90088B9E9 /* ZDLoadTableViewCell.m */,
			);
			path = view;
			sourceTree = "<group>";
		};
		CF3F792A194DED7E00D9615A /* controller */ = {
			isa = PBXGroup;
			children = (
				CF3F792D194DEDE900D9615A /* frameworks */,
				CF119D2419704F3000E512F8 /* categories */,
				CFF01A43196965BA00A6E2F6 /* ZDMainController.h */,
				CFF01A44196965BA00A6E2F6 /* ZDMainController.m */,
				CFF01A46196965C800A6E2F6 /* ZDMenuController.h */,
				CFF01A47196965C800A6E2F6 /* ZDMenuController.m */,
				CFF01A49196965E900A6E2F6 /* ZDAuxViewController.h */,
				CFF01A4A196965E900A6E2F6 /* ZDAuxViewController.m */,
				CFF01A4C196965F900A6E2F6 /* ZDSettingsController.h */,
				CFF01A4D196965F900A6E2F6 /* ZDSettingsController.m */,
				CFF01A4F1969660E00A6E2F6 /* ZDNewProjectController.h */,
				CFF01A501969660E00A6E2F6 /* ZDNewProjectController.m */,
				CFF01A521969661B00A6E2F6 /* ZDLoadProjectController.h */,
				CFF01A531969661B00A6E2F6 /* ZDLoadProjectController.m */,
				CF8D099D1981169F002C73D3 /* ZDDetailsBarController.h */,
				CF8D099E1981169F002C73D3 /* ZDDetailsBarController.m */,
				CF18307C19CC89C40008A777 /* ZDEditBarController.h */,
				CF18307D19CC89C40008A777 /* ZDEditBarController.m */,
				CFB4B9B2199565BF0028962F /* ZDAddInsertBarsController.h */,
				CFB4B9B3199565BF0028962F /* ZDAddInsertBarsController.m */,
				CF341BC419D5748700BD9CFA /* ZDProjectDetailController.h */,
				CF341BC519D5748700BD9CFA /* ZDProjectDetailController.m */,
				CF341BC719D58A7900BD9CFA /* ZDProjectExportController.h */,
				CF341BC819D58A7900BD9CFA /* ZDProjectExportController.m */,
				CF66B75819E43D80004C0BFB /* ZDMultipleSelectionController.h */,
				CF66B75919E43D80004C0BFB /* ZDMultipleSelectionController.m */,
			);
			name = controller;
			path = controllers;
			sourceTree = "<group>";
		};
		CF3F792B194DED8500D9615A /* others */ = {
			isa = PBXGroup;
			children = (
				CF1DFB0919D734F5006EB91D /* ZDDefinitions.h */,
			);
			path = others;
			sourceTree = "<group>";
		};
		CF3F792C194DEDD600D9615A /* protocol */ = {
			isa = PBXGroup;
			children = (
			);
			name = protocol;
			path = protocols;
			sourceTree = "<group>";
		};
		CF3F792D194DEDE900D9615A /* frameworks */ = {
			isa = PBXGroup;
			children = (
				CFF6DBDA19DB6DCA003EA04F /* SWReveal */,
				CFF6DBDB19DB6DDA003EA04F /* SWTableView */,
				CFF4B544196AFB8000FF78F4 /* ZDCoreDataTableVC.h */,
				CFF4B545196AFB8000FF78F4 /* ZDCoreDataTableVC.m */,
				CF0756751976E22C007C420C /* ZDCoreCollectionVC.h */,
				CF0756761976E22C007C420C /* ZDCoreCollectionVC.m */,
				CF119D211970294D00E512F8 /* ZDCoreDataStack.h */,
				CF119D221970294D00E512F8 /* ZDCoreDataStack.m */,
				CF3398851980116E007A701C /* ZDPDFEngine.h */,
				CF3398861980116E007A701C /* ZDPDFEngine.m */,
				CF339888198011B4007A701C /* ZDSongsPDFManager.h */,
				CF339889198011B4007A701C /* ZDSongsPDFManager.m */,
			);
			path = frameworks;
			sourceTree = "<group>";
		};
		CFF6DBDA19DB6DCA003EA04F /* SWReveal */ = {
			isa = PBXGroup;
			children = (
				CF3F792E194DEDFC00D9615A /* SWRevealViewController.h */,
				CF3F792F194DEDFC00D9615A /* SWRevealViewController.m */,
			);
			name = SWReveal;
			sourceTree = "<group>";
		};
		CFF6DBDB19DB6DDA003EA04F /* SWTableView */ = {
			isa = PBXGroup;
			children = (
				CFF6DBC819DB6DB5003EA04F /* NSMutableArray+SWUtilityButtons.h */,
				CFF6DBC919DB6DB5003EA04F /* NSMutableArray+SWUtilityButtons.m */,
				CFF6DBCA19DB6DB5003EA04F /* SWCellScrollView.h */,
				CFF6DBCB19DB6DB5003EA04F /* SWCellScrollView.m */,
				CFF6DBCC19DB6DB5003EA04F /* SWLongPressGestureRecognizer.h */,
				CFF6DBCD19DB6DB5003EA04F /* SWLongPressGestureRecognizer.m */,
				CFF6DBCE19DB6DB5003EA04F /* SWTableViewCell.h */,
				CFF6DBCF19DB6DB5003EA04F /* SWTableViewCell.m */,
				CFF6DBD019DB6DB5003EA04F /* SWUtilityButtonTapGestureRecognizer.h */,
				CFF6DBD119DB6DB5003EA04F /* SWUtilityButtonTapGestureRecognizer.m */,
				CFF6DBD219DB6DB5003EA04F /* SWUtilityButtonView.h */,
				CFF6DBD319DB6DB5003EA04F /* SWUtilityButtonView.m */,
			);
			name = SWTableView;
			sourceTree = "<group>";
		};
/* End PBXGroup section */

/* Begin PBXNativeTarget section */
		CF20EF2A194DEA02008E47A4 /* songs */ = {
			isa = PBXNativeTarget;
			buildConfigurationList = CF20EF5D194DEA02008E47A4 /* Build configuration list for PBXNativeTarget "songs" */;
			buildPhases = (
				CF20EF27194DEA02008E47A4 /* Sources */,
				CF20EF28194DEA02008E47A4 /* Frameworks */,
				CF20EF29194DEA02008E47A4 /* Resources */,
				CF3F7935194DF1F500D9615A /* Run Script - Update Current Project Version */,
			);
			buildRules = (
			);
			dependencies = (
			);
			name = songs;
			productName = songs;
			productReference = CF20EF2B194DEA02008E47A4 /* songs.app */;
			productType = "com.apple.product-type.application";
		};
		CF20EF4A194DEA02008E47A4 /* songsTests */ = {
			isa = PBXNativeTarget;
			buildConfigurationList = CF20EF60194DEA02008E47A4 /* Build configuration list for PBXNativeTarget "songsTests" */;
			buildPhases = (
				CF20EF47194DEA02008E47A4 /* Sources */,
				CF20EF48194DEA02008E47A4 /* Frameworks */,
				CF20EF49194DEA02008E47A4 /* Resources */,
			);
			buildRules = (
			);
			dependencies = (
				CF20EF52194DEA02008E47A4 /* PBXTargetDependency */,
			);
			name = songsTests;
			productName = songsTests;
			productReference = CF20EF4B194DEA02008E47A4 /* songsTests.xctest */;
			productType = "com.apple.product-type.bundle.unit-test";
		};
/* End PBXNativeTarget section */

/* Begin PBXProject section */
		CF20EF23194DEA02008E47A4 /* Project object */ = {
			isa = PBXProject;
			attributes = {
				CLASSPREFIX = ZD;
				LastUpgradeCheck = 0510;
				ORGANIZATIONNAME = "Jorge Moura";
				TargetAttributes = {
					CF20EF2A194DEA02008E47A4 = {
						DevelopmentTeam = 6CHZFW8V57;
					};
					CF20EF4A194DEA02008E47A4 = {
						TestTargetID = CF20EF2A194DEA02008E47A4;
					};
				};
			};
			buildConfigurationList = CF20EF26194DEA02008E47A4 /* Build configuration list for PBXProject "songs" */;
			compatibilityVersion = "Xcode 3.2";
			developmentRegion = English;
			hasScannedForEncodings = 0;
			knownRegions = (
				en,
			);
			mainGroup = CF20EF22194DEA02008E47A4;
			productRefGroup = CF20EF2C194DEA02008E47A4 /* Products */;
			projectDirPath = "";
			projectRoot = "";
			targets = (
				CF20EF2A194DEA02008E47A4 /* songs */,
				CF20EF4A194DEA02008E47A4 /* songsTests */,
			);
		};
/* End PBXProject section */

/* Begin PBXResourcesBuildPhase section */
		CF20EF29194DEA02008E47A4 /* Resources */ = {
			isa = PBXResourcesBuildPhase;
			buildActionMask = 2147483647;
			files = (
				CF20EF3B194DEA02008E47A4 /* InfoPlist.strings in Resources */,
				CF20EF46194DEA02008E47A4 /* Images.xcassets in Resources */,
				CFD88A11196C0A7100FC1F1B /* Settings.bundle in Resources */,
				CF3F7932194DF1AF00D9615A /* Storyboard_iphone.storyboard in Resources */,
				CF3F7934194DF1DC00D9615A /* Storyboard_ipad.storyboard in Resources */,
			);
			runOnlyForDeploymentPostprocessing = 0;
		};
		CF20EF49194DEA02008E47A4 /* Resources */ = {
			isa = PBXResourcesBuildPhase;
			buildActionMask = 2147483647;
			files = (
				CF20EF58194DEA02008E47A4 /* InfoPlist.strings in Resources */,
			);
			runOnlyForDeploymentPostprocessing = 0;
		};
/* End PBXResourcesBuildPhase section */

/* Begin PBXShellScriptBuildPhase section */
		CF3F7935194DF1F500D9615A /* Run Script - Update Current Project Version */ = {
			isa = PBXShellScriptBuildPhase;
			buildActionMask = 2147483647;
			files = (
			);
			inputPaths = (
			);
			name = "Run Script - Update Current Project Version";
			outputPaths = (
			);
			runOnlyForDeploymentPostprocessing = 0;
			shellPath = /bin/sh;
			shellScript = "\"${DEVELOPER_BIN_DIR}/agvtool\" next-version -all";
		};
/* End PBXShellScriptBuildPhase section */

/* Begin PBXSourcesBuildPhase section */
		CF20EF27194DEA02008E47A4 /* Sources */ = {
			isa = PBXSourcesBuildPhase;
			buildActionMask = 2147483647;
			files = (
				CF66B75A19E43D80004C0BFB /* ZDMultipleSelectionController.m in Sources */,
				CF8D099F1981169F002C73D3 /* ZDDetailsBarController.m in Sources */,
				CF20EF41194DEA02008E47A4 /* ZDAppDelegate.m in Sources */,
				CF341BC619D5748700BD9CFA /* ZDProjectDetailController.m in Sources */,
				CFB44394196DD8FB00EDB6E2 /* ZDBar+Factory.m in Sources */,
				CF341BC919D58A7900BD9CFA /* ZDProjectExportController.m in Sources */,
				CF7F5D0919B4D3BB00070FDE /* ZDNote.m in Sources */,
				CFF6DBD819DB6DB5003EA04F /* SWUtilityButtonTapGestureRecognizer.m in Sources */,
				CF119D231970294D00E512F8 /* ZDCoreDataStack.m in Sources */,
				CF4E7121197E785F00A23592 /* UINavigationItem+MultipleButtonsAddition.m in Sources */,
				CF7F5D0019B4D37400070FDE /* ZDBar.m in Sources */,
				CFF01A4B196965E900A6E2F6 /* ZDAuxViewController.m in Sources */,
				CFF6DBD419DB6DB5003EA04F /* NSMutableArray+SWUtilityButtons.m in Sources */,
				CFF01A511969660E00A6E2F6 /* ZDNewProjectController.m in Sources */,
				CFF6DBD519DB6DB5003EA04F /* SWCellScrollView.m in Sources */,
				CFF01A48196965C800A6E2F6 /* ZDMenuController.m in Sources */,
				CF20EF44194DEA02008E47A4 /* songs.xcdatamodeld in Sources */,
				CFF01A5A1969669500A6E2F6 /* ZDSongCollectionViewCell.m in Sources */,
				CF32060819E2F8B90088B9E9 /* ZDLoadTableViewCell.m in Sources */,
				CF7F5D0319B4D37500070FDE /* ZDProject.m in Sources */,
				CF20EF3D194DEA02008E47A4 /* main.m in Sources */,
				CF0756771976E22C007C420C /* ZDCoreCollectionVC.m in Sources */,
				CFB4B9B4199565BF0028962F /* ZDAddInsertBarsController.m in Sources */,
				CF3398871980116E007A701C /* ZDPDFEngine.m in Sources */,
				CF33988A198011B4007A701C /* ZDSongsPDFManager.m in Sources */,
				CFB44391196DD8EC00EDB6E2 /* ZDSongBlock+Factory.m in Sources */,
				CFF6DBD619DB6DB5003EA04F /* SWLongPressGestureRecognizer.m in Sources */,
				CF119D2A19704F9D00E512F8 /* NSManagedObjectID+ZDString.m in Sources */,
				CFF4B546196AFB8000FF78F4 /* ZDCoreDataTableVC.m in Sources */,
				CFB4438E196DD8C600EDB6E2 /* ZDProject+Factory.m in Sources */,
				CF7F5D0C19B4D8F000070FDE /* ZDChordType.m in Sources */,
				CFF01A4E196965F900A6E2F6 /* ZDSettingsController.m in Sources */,
				CFF6DBD719DB6DB5003EA04F /* SWTableViewCell.m in Sources */,
				CFD6A0F1197D20360006A0AC /* UIColor+HexString.m in Sources */,
				CFF01A45196965BA00A6E2F6 /* ZDMainController.m in Sources */,
				CF7F5D0619B4D37500070FDE /* ZDSongBlock.m in Sources */,
				CFF6DBD919DB6DB5003EA04F /* SWUtilityButtonView.m in Sources */,
				CF18307E19CC89C40008A777 /* ZDEditBarController.m in Sources */,
				CF119D2D19704FCF00E512F8 /* NSManagedObjectContext+ZDAdditions.m in Sources */,
				CFF01A541969661B00A6E2F6 /* ZDLoadProjectController.m in Sources */,
				CF3F7930194DEDFC00D9615A /* SWRevealViewController.m in Sources */,
			);
			runOnlyForDeploymentPostprocessing = 0;
		};
		CF20EF47194DEA02008E47A4 /* Sources */ = {
			isa = PBXSourcesBuildPhase;
			buildActionMask = 2147483647;
			files = (
				CF20EF5A194DEA02008E47A4 /* songsTests.m in Sources */,
			);
			runOnlyForDeploymentPostprocessing = 0;
		};
/* End PBXSourcesBuildPhase section */

/* Begin PBXTargetDependency section */
		CF20EF52194DEA02008E47A4 /* PBXTargetDependency */ = {
			isa = PBXTargetDependency;
			target = CF20EF2A194DEA02008E47A4 /* songs */;
			targetProxy = CF20EF51194DEA02008E47A4 /* PBXContainerItemProxy */;
		};
/* End PBXTargetDependency section */

/* Begin PBXVariantGroup section */
		CF20EF39194DEA02008E47A4 /* InfoPlist.strings */ = {
			isa = PBXVariantGroup;
			children = (
				CF20EF3A194DEA02008E47A4 /* en */,
			);
			name = InfoPlist.strings;
			sourceTree = "<group>";
		};
		CF20EF56194DEA02008E47A4 /* InfoPlist.strings */ = {
			isa = PBXVariantGroup;
			children = (
				CF20EF57194DEA02008E47A4 /* en */,
			);
			name = InfoPlist.strings;
			sourceTree = "<group>";
		};
/* End PBXVariantGroup section */

/* Begin XCBuildConfiguration section */
		CF20EF5B194DEA02008E47A4 /* Debug */ = {
			isa = XCBuildConfiguration;
			buildSettings = {
				ALWAYS_SEARCH_USER_PATHS = NO;
				CLANG_CXX_LANGUAGE_STANDARD = "gnu++0x";
				CLANG_CXX_LIBRARY = "libc++";
				CLANG_ENABLE_MODULES = YES;
				CLANG_ENABLE_OBJC_ARC = YES;
				CLANG_WARN_BOOL_CONVERSION = YES;
				CLANG_WARN_CONSTANT_CONVERSION = YES;
				CLANG_WARN_DIRECT_OBJC_ISA_USAGE = YES_ERROR;
				CLANG_WARN_EMPTY_BODY = YES;
				CLANG_WARN_ENUM_CONVERSION = YES;
				CLANG_WARN_INT_CONVERSION = YES;
				CLANG_WARN_OBJC_ROOT_CLASS = YES_ERROR;
				CLANG_WARN__DUPLICATE_METHOD_MATCH = YES;
				"CODE_SIGN_IDENTITY[sdk=iphoneos*]" = "iPhone Developer";
				COPY_PHASE_STRIP = NO;
				CURRENT_PROJECT_VERSION = 672;
				GCC_C_LANGUAGE_STANDARD = gnu99;
				GCC_DYNAMIC_NO_PIC = NO;
				GCC_OPTIMIZATION_LEVEL = 0;
				GCC_PREPROCESSOR_DEFINITIONS = (
					"DEBUG=1",
					"$(inherited)",
				);
				GCC_SYMBOLS_PRIVATE_EXTERN = NO;
				GCC_WARN_64_TO_32_BIT_CONVERSION = YES;
				GCC_WARN_ABOUT_RETURN_TYPE = YES_ERROR;
				GCC_WARN_UNDECLARED_SELECTOR = YES;
				GCC_WARN_UNINITIALIZED_AUTOS = YES_AGGRESSIVE;
				GCC_WARN_UNUSED_FUNCTION = YES;
				GCC_WARN_UNUSED_VARIABLE = YES;
				IPHONEOS_DEPLOYMENT_TARGET = 7.1;
				ONLY_ACTIVE_ARCH = YES;
				SDKROOT = iphoneos;
				TARGETED_DEVICE_FAMILY = "1,2";
			};
			name = Debug;
		};
		CF20EF5C194DEA02008E47A4 /* Release */ = {
			isa = XCBuildConfiguration;
			buildSettings = {
				ALWAYS_SEARCH_USER_PATHS = NO;
				CLANG_CXX_LANGUAGE_STANDARD = "gnu++0x";
				CLANG_CXX_LIBRARY = "libc++";
				CLANG_ENABLE_MODULES = YES;
				CLANG_ENABLE_OBJC_ARC = YES;
				CLANG_WARN_BOOL_CONVERSION = YES;
				CLANG_WARN_CONSTANT_CONVERSION = YES;
				CLANG_WARN_DIRECT_OBJC_ISA_USAGE = YES_ERROR;
				CLANG_WARN_EMPTY_BODY = YES;
				CLANG_WARN_ENUM_CONVERSION = YES;
				CLANG_WARN_INT_CONVERSION = YES;
				CLANG_WARN_OBJC_ROOT_CLASS = YES_ERROR;
				CLANG_WARN__DUPLICATE_METHOD_MATCH = YES;
				"CODE_SIGN_IDENTITY[sdk=iphoneos*]" = "iPhone Developer";
				COPY_PHASE_STRIP = YES;
				CURRENT_PROJECT_VERSION = 672;
				ENABLE_NS_ASSERTIONS = NO;
				GCC_C_LANGUAGE_STANDARD = gnu99;
				GCC_WARN_64_TO_32_BIT_CONVERSION = YES;
				GCC_WARN_ABOUT_RETURN_TYPE = YES_ERROR;
				GCC_WARN_UNDECLARED_SELECTOR = YES;
				GCC_WARN_UNINITIALIZED_AUTOS = YES_AGGRESSIVE;
				GCC_WARN_UNUSED_FUNCTION = YES;
				GCC_WARN_UNUSED_VARIABLE = YES;
				IPHONEOS_DEPLOYMENT_TARGET = 7.1;
				SDKROOT = iphoneos;
				TARGETED_DEVICE_FAMILY = "1,2";
				VALIDATE_PRODUCT = YES;
			};
			name = Release;
		};
		CF20EF5E194DEA02008E47A4 /* Debug */ = {
			isa = XCBuildConfiguration;
			buildSettings = {
				ASSETCATALOG_COMPILER_APPICON_NAME = AppIcon;
				ASSETCATALOG_COMPILER_LAUNCHIMAGE_NAME = LaunchImage;
				CODE_SIGN_IDENTITY = "iPhone Developer";
				GCC_PRECOMPILE_PREFIX_HEADER = YES;
				GCC_PREFIX_HEADER = "songs/songs-Prefix.pch";
				INFOPLIST_FILE = "songs/songs-Info.plist";
				IPHONEOS_DEPLOYMENT_TARGET = 7.1;
				PRODUCT_NAME = "$(TARGET_NAME)";
				TARGETED_DEVICE_FAMILY = 2;
				WRAPPER_EXTENSION = app;
			};
			name = Debug;
		};
		CF20EF5F194DEA02008E47A4 /* Release */ = {
			isa = XCBuildConfiguration;
			buildSettings = {
				ASSETCATALOG_COMPILER_APPICON_NAME = AppIcon;
				ASSETCATALOG_COMPILER_LAUNCHIMAGE_NAME = LaunchImage;
				CODE_SIGN_IDENTITY = "iPhone Developer";
				GCC_PRECOMPILE_PREFIX_HEADER = YES;
				GCC_PREFIX_HEADER = "songs/songs-Prefix.pch";
				INFOPLIST_FILE = "songs/songs-Info.plist";
				IPHONEOS_DEPLOYMENT_TARGET = 7.1;
				PRODUCT_NAME = "$(TARGET_NAME)";
				TARGETED_DEVICE_FAMILY = 2;
				WRAPPER_EXTENSION = app;
			};
			name = Release;
		};
		CF20EF61194DEA02008E47A4 /* Debug */ = {
			isa = XCBuildConfiguration;
			buildSettings = {
				BUNDLE_LOADER = "$(BUILT_PRODUCTS_DIR)/songs.app/songs";
				FRAMEWORK_SEARCH_PATHS = (
					"$(SDKROOT)/Developer/Library/Frameworks",
					"$(inherited)",
					"$(DEVELOPER_FRAMEWORKS_DIR)",
				);
				GCC_PRECOMPILE_PREFIX_HEADER = YES;
				GCC_PREFIX_HEADER = "songs/songs-Prefix.pch";
				GCC_PREPROCESSOR_DEFINITIONS = (
					"DEBUG=1",
					"$(inherited)",
				);
				INFOPLIST_FILE = "songsTests/songsTests-Info.plist";
				PRODUCT_NAME = "$(TARGET_NAME)";
				TEST_HOST = "$(BUNDLE_LOADER)";
				WRAPPER_EXTENSION = xctest;
			};
			name = Debug;
		};
		CF20EF62194DEA02008E47A4 /* Release */ = {
			isa = XCBuildConfiguration;
			buildSettings = {
				BUNDLE_LOADER = "$(BUILT_PRODUCTS_DIR)/songs.app/songs";
				FRAMEWORK_SEARCH_PATHS = (
					"$(SDKROOT)/Developer/Library/Frameworks",
					"$(inherited)",
					"$(DEVELOPER_FRAMEWORKS_DIR)",
				);
				GCC_PRECOMPILE_PREFIX_HEADER = YES;
				GCC_PREFIX_HEADER = "songs/songs-Prefix.pch";
				INFOPLIST_FILE = "songsTests/songsTests-Info.plist";
				PRODUCT_NAME = "$(TARGET_NAME)";
				TEST_HOST = "$(BUNDLE_LOADER)";
				WRAPPER_EXTENSION = xctest;
			};
			name = Release;
		};
/* End XCBuildConfiguration section */

/* Begin XCConfigurationList section */
		CF20EF26194DEA02008E47A4 /* Build configuration list for PBXProject "songs" */ = {
			isa = XCConfigurationList;
			buildConfigurations = (
				CF20EF5B194DEA02008E47A4 /* Debug */,
				CF20EF5C194DEA02008E47A4 /* Release */,
			);
			defaultConfigurationIsVisible = 0;
			defaultConfigurationName = Release;
		};
		CF20EF5D194DEA02008E47A4 /* Build configuration list for PBXNativeTarget "songs" */ = {
			isa = XCConfigurationList;
			buildConfigurations = (
				CF20EF5E194DEA02008E47A4 /* Debug */,
				CF20EF5F194DEA02008E47A4 /* Release */,
			);
			defaultConfigurationIsVisible = 0;
			defaultConfigurationName = Release;
		};
		CF20EF60194DEA02008E47A4 /* Build configuration list for PBXNativeTarget "songsTests" */ = {
			isa = XCConfigurationList;
			buildConfigurations = (
				CF20EF61194DEA02008E47A4 /* Debug */,
				CF20EF62194DEA02008E47A4 /* Release */,
			);
			defaultConfigurationIsVisible = 0;
			defaultConfigurationName = Release;
		};
/* End XCConfigurationList section */

/* Begin XCVersionGroup section */
		CF20EF42194DEA02008E47A4 /* songs.xcdatamodeld */ = {
			isa = XCVersionGroup;
			children = (
				CF20EF43194DEA02008E47A4 /* songs.xcdatamodel */,
			);
			currentVersion = CF20EF43194DEA02008E47A4 /* songs.xcdatamodel */;
			path = songs.xcdatamodeld;
			sourceTree = "<group>";
			versionGroupType = wrapper.xcdatamodel;
		};
/* End XCVersionGroup section */
	};
	rootObject = CF20EF23194DEA02008E47A4 /* Project object */;
}
